
Microsoft Visual Studio Solution File, Format Version 12.00
# Visual Studio Version 16
VisualStudioVersion = 16.0.29519.87
MinimumVisualStudioVersion = 10.0.40219.1
Project("{2150E333-8FDC-42A3-9474-1A3956D46DE8}") = "Identity", "Identity", "{8F640E7C-F889-4F81-A1C0-493149C0A62E}"
EndProject
Project("{2150E333-8FDC-42A3-9474-1A3956D46DE8}") = "FinanceManager", "FinanceManager", "{D1A1A77E-E542-47EE-8988-E9DE33892375}"
EndProject
Project("{9A19103F-16F7-4668-BE54-9A1E7A4F7556}") = "FR.FinanceManager.API", "FinanceManager\FR.FinanceManager.API\FR.FinanceManager.API.csproj", "{585DDFB0-1429-4412-9E91-CA7010F166D9}"
EndProject
Project("{2150E333-8FDC-42A3-9474-1A3956D46DE8}") = "Web", "Web", "{2E43320D-1B07-4F79-A46F-13ECEA1ED91B}"
EndProject
Project("{9A19103F-16F7-4668-BE54-9A1E7A4F7556}") = "FR.Spa.Client", "Web\FR.Spa.Client\FR.Spa.Client.csproj", "{AD31ECAB-D864-4CD1-AF83-149D163D67CE}"
EndProject
Project("{9A19103F-16F7-4668-BE54-9A1E7A4F7556}") = "FR.IdentityServer", "Identity\FR.IdentityServer\FR.IdentityServer.csproj", "{BC949395-7BBC-459E-BDEC-829B10143123}"
EndProject
Project("{FAE04EC0-301F-11D3-BF4B-00C04F79EFBC}") = "FR.IdentityServer.Core", "FR.IdentityServer.Core\FR.IdentityServer.Core.csproj", "{5DF4CBF9-0DD7-4D27-95FE-846008D6DA9C}"
EndProject
Project("{2150E333-8FDC-42A3-9474-1A3956D46DE8}") = "StocksData", "StocksData", "{70C543E6-6EF7-4FF8-92AD-E04103753DC9}"
EndProject
Project("{FAE04EC0-301F-11D3-BF4B-00C04F79EFBC}") = "FR.StocksData.Core", "FR.StocksData.Core\FR.StocksData.Core.csproj", "{67EF2A11-AE58-4717-9C7C-9BF9C6078B60}"
EndProject
Global
	GlobalSection(SolutionConfigurationPlatforms) = preSolution
		Debug|Any CPU = Debug|Any CPU
		Release|Any CPU = Release|Any CPU
	EndGlobalSection
	GlobalSection(ProjectConfigurationPlatforms) = postSolution
		{585DDFB0-1429-4412-9E91-CA7010F166D9}.Debug|Any CPU.ActiveCfg = Debug|Any CPU
		{585DDFB0-1429-4412-9E91-CA7010F166D9}.Debug|Any CPU.Build.0 = Debug|Any CPU
		{585DDFB0-1429-4412-9E91-CA7010F166D9}.Release|Any CPU.ActiveCfg = Release|Any CPU
		{585DDFB0-1429-4412-9E91-CA7010F166D9}.Release|Any CPU.Build.0 = Release|Any CPU
		{AD31ECAB-D864-4CD1-AF83-149D163D67CE}.Debug|Any CPU.ActiveCfg = Debug|Any CPU
		{AD31ECAB-D864-4CD1-AF83-149D163D67CE}.Debug|Any CPU.Build.0 = Debug|Any CPU
		{AD31ECAB-D864-4CD1-AF83-149D163D67CE}.Release|Any CPU.ActiveCfg = Release|Any CPU
		{AD31ECAB-D864-4CD1-AF83-149D163D67CE}.Release|Any CPU.Build.0 = Release|Any CPU
		{BC949395-7BBC-459E-BDEC-829B10143123}.Debug|Any CPU.ActiveCfg = Debug|Any CPU
		{BC949395-7BBC-459E-BDEC-829B10143123}.Debug|Any CPU.Build.0 = Debug|Any CPU
		{BC949395-7BBC-459E-BDEC-829B10143123}.Release|Any CPU.ActiveCfg = Release|Any CPU
		{BC949395-7BBC-459E-BDEC-829B10143123}.Release|Any CPU.Build.0 = Release|Any CPU
		{5DF4CBF9-0DD7-4D27-95FE-846008D6DA9C}.Debug|Any CPU.ActiveCfg = Debug|Any CPU
		{5DF4CBF9-0DD7-4D27-95FE-846008D6DA9C}.Debug|Any CPU.Build.0 = Debug|Any CPU
		{5DF4CBF9-0DD7-4D27-95FE-846008D6DA9C}.Release|Any CPU.ActiveCfg = Release|Any CPU
		{5DF4CBF9-0DD7-4D27-95FE-846008D6DA9C}.Release|Any CPU.Build.0 = Release|Any CPU
		{67EF2A11-AE58-4717-9C7C-9BF9C6078B60}.Debug|Any CPU.ActiveCfg = Debug|Any CPU
		{67EF2A11-AE58-4717-9C7C-9BF9C6078B60}.Debug|Any CPU.Build.0 = Debug|Any CPU
		{67EF2A11-AE58-4717-9C7C-9BF9C6078B60}.Release|Any CPU.ActiveCfg = Release|Any CPU
		{67EF2A11-AE58-4717-9C7C-9BF9C6078B60}.Release|Any CPU.Build.0 = Release|Any CPU
	EndGlobalSection
	GlobalSection(SolutionProperties) = preSolution
		HideSolutionNode = FALSE
	EndGlobalSection
	GlobalSection(NestedProjects) = preSolution
		{585DDFB0-1429-4412-9E91-CA7010F166D9} = {D1A1A77E-E542-47EE-8988-E9DE33892375}
		{AD31ECAB-D864-4CD1-AF83-149D163D67CE} = {2E43320D-1B07-4F79-A46F-13ECEA1ED91B}
		{BC949395-7BBC-459E-BDEC-829B10143123} = {8F640E7C-F889-4F81-A1C0-493149C0A62E}
		{5DF4CBF9-0DD7-4D27-95FE-846008D6DA9C} = {8F640E7C-F889-4F81-A1C0-493149C0A62E}
		{67EF2A11-AE58-4717-9C7C-9BF9C6078B60} = {70C543E6-6EF7-4FF8-92AD-E04103753DC9}
	EndGlobalSection
	GlobalSection(ExtensibilityGlobals) = postSolution
		SolutionGuid = {0D51A8FA-E857-48C5-8E7E-A79461D09CA6}
	EndGlobalSection
EndGlobal
